
Microsoft Visual Studio Solution File, Format Version 12.00
# Visual Studio Version 17
VisualStudioVersion = 17.9.34622.214
MinimumVisualStudioVersion = 10.0.40219.1
Project("{FAE04EC0-301F-11D3-BF4B-00C04F79EFBC}") = "NorthwindAuthenticationService", "NorthwindAuthenticationService\NorthwindAuthenticationService.csproj", "{65F92469-1192-48A6-9BFE-F3E212FC3950}"
EndProject
Project("{FAE04EC0-301F-11D3-BF4B-00C04F79EFBC}") = "ProductsAPIService", "ProductsAPIService\ProductsAPIService.csproj", "{7722C9BE-23A2-4D79-B91F-DF60D29A18DB}"
EndProject
Project("{FAE04EC0-301F-11D3-BF4B-00C04F79EFBC}") = "NorthwindTradersWebApp", "NorthwindTradersWebApp\NorthwindTradersWebApp.csproj", "{0D23D0FE-602D-4323-8D95-2CAFB0A99F3B}"
EndProject
Project("{FAE04EC0-301F-11D3-BF4B-00C04F79EFBC}") = "NorthwindModelClassLibrary", "NorthwindModelClassLibrary\NorthwindModelClassLibrary.csproj", "{C5B1FC21-C3B5-4B10-B15B-00818E5C16E2}"
EndProject
Global
	GlobalSection(SolutionConfigurationPlatforms) = preSolution
		Debug|Any CPU = Debug|Any CPU
		Release|Any CPU = Release|Any CPU
	EndGlobalSection
	GlobalSection(ProjectConfigurationPlatforms) = postSolution
		{65F92469-1192-48A6-9BFE-F3E212FC3950}.Debug|Any CPU.ActiveCfg = Debug|Any CPU
		{65F92469-1192-48A6-9BFE-F3E212FC3950}.Debug|Any CPU.Build.0 = Debug|Any CPU
		{65F92469-1192-48A6-9BFE-F3E212FC3950}.Release|Any CPU.ActiveCfg = Release|Any CPU
		{65F92469-1192-48A6-9BFE-F3E212FC3950}.Release|Any CPU.Build.0 = Release|Any CPU
		{7722C9BE-23A2-4D79-B91F-DF60D29A18DB}.Debug|Any CPU.ActiveCfg = Debug|Any CPU
		{7722C9BE-23A2-4D79-B91F-DF60D29A18DB}.Debug|Any CPU.Build.0 = Debug|Any CPU
		{7722C9BE-23A2-4D79-B91F-DF60D29A18DB}.Release|Any CPU.ActiveCfg = Release|Any CPU
		{7722C9BE-23A2-4D79-B91F-DF60D29A18DB}.Release|Any CPU.Build.0 = Release|Any CPU
		{0D23D0FE-602D-4323-8D95-2CAFB0A99F3B}.Debug|Any CPU.ActiveCfg = Debug|Any CPU
		{0D23D0FE-602D-4323-8D95-2CAFB0A99F3B}.Debug|Any CPU.Build.0 = Debug|Any CPU
		{0D23D0FE-602D-4323-8D95-2CAFB0A99F3B}.Release|Any CPU.ActiveCfg = Release|Any CPU
		{0D23D0FE-602D-4323-8D95-2CAFB0A99F3B}.Release|Any CPU.Build.0 = Release|Any CPU
		{C5B1FC21-C3B5-4B10-B15B-00818E5C16E2}.Debug|Any CPU.ActiveCfg = Debug|Any CPU
		{C5B1FC21-C3B5-4B10-B15B-00818E5C16E2}.Debug|Any CPU.Build.0 = Debug|Any CPU
		{C5B1FC21-C3B5-4B10-B15B-00818E5C16E2}.Release|Any CPU.ActiveCfg = Release|Any CPU
		{C5B1FC21-C3B5-4B10-B15B-00818E5C16E2}.Release|Any CPU.Build.0 = Release|Any CPU
	EndGlobalSection
	GlobalSection(SolutionProperties) = preSolution
		HideSolutionNode = FALSE
	EndGlobalSection
	GlobalSection(ExtensibilityGlobals) = postSolution
		SolutionGuid = {418AAFC2-CAA1-46C6-8FCB-7EF40B1E9A30}
	EndGlobalSection
EndGlobal
